// !$*UTF8*$!
{
	archiveVersion = 1;
	classes = {
	};
	objectVersion = 46;
	objects = {

/* Begin PBXGroup section */
		5DF752921C0DEF9F00D104BA = {
			isa = PBXGroup;
			children = (
			);
			sourceTree = "<group>";
		};
/* End PBXGroup section */

/* Begin PBXProject section */
		5DF752931C0DEF9F00D104BA /* Project object */ = {
			isa = PBXProject;
			attributes = {
				LastUpgradeCheck = 0630;
			};
			buildConfigurationList = 5DF752961C0DEF9F00D104BA /* Build configuration list for PBXProject "FirstSwift" */;
			compatibilityVersion = "Xcode 3.2";
			developmentRegion = English;
			hasScannedForEncodings = 0;
			knownRegions = (
				en,
			);
			mainGroup = 5DF752921C0DEF9F00D104BA;
			projectDirPath = "";
			projectRoot = "";
			targets = (
			);
		};
/* End PBXProject section */

/* Begin XCBuildConfiguration section */
		5DF752971C0DEF9F00D104BA /* Debug */ = {
			isa = XCBuildConfiguration;
			buildSettings = {
			};
			name = Debug;
		};
		5DF752981C0DEF9F00D104BA /* Release */ = {
			isa = XCBuildConfiguration;
			buildSettings = {
			};
			name = Release;
		};
/* End XCBuildConfiguration section */

/* Begin XCConfigurationList section */
		5DF752961C0DEF9F00D104BA /* Build configuration list for PBXProject "FirstSwift" */ = {
			isa = XCConfigurationList;
			buildConfigurations = (
				5DF752971C0DEF9F00D104BA /* Debug */,
				5DF752981C0DEF9F00D104BA /* Release */,
			);
			defaultConfigurationIsVisible = 0;
			defaultConfigurationName = Release;
		};
/* End XCConfigurationList section */
	};
	rootObject = 5DF752931C0DEF9F00D104BA /* Project object */;
}
