// !$*UTF8*$!
{
	archiveVersion = 1;
	classes = {
	};
	objectVersion = 46;
	objects = {

/* Begin PBXFileReference section */
		5DF752991C0DEFB800D104BA /* FirstSwiftProject.swift */ = {isa = PBXFileReference; lastKnownFileType = sourcecode.swift; path = FirstSwiftProject.swift; sourceTree = "<group>"; };
		5DF7529A1C0DFC9C00D104BA /* Deck.swift */ = {isa = PBXFileReference; lastKnownFileType = sourcecode.swift; path = Deck.swift; sourceTree = "<group>"; };
		5DF7529B1C0DFD0700D104BA /* PlayingCard.swift */ = {isa = PBXFileReference; lastKnownFileType = sourcecode.swift; path = PlayingCard.swift; sourceTree = "<group>"; };
		5DF7529C1C0DFD4200D104BA /* PlayingCardDeck.swift */ = {isa = PBXFileReference; lastKnownFileType = sourcecode.swift; path = PlayingCardDeck.swift; sourceTree = "<group>"; };
/* End PBXFileReference section */

/* Begin PBXGroup section */
		5DF752921C0DEF9F00D104BA = {
			isa = PBXGroup;
			children = (
				5DF752991C0DEFB800D104BA /* FirstSwiftProject.swift */,
				5DF7529A1C0DFC9C00D104BA /* Deck.swift */,
				5DF7529B1C0DFD0700D104BA /* PlayingCard.swift */,
				5DF7529C1C0DFD4200D104BA /* PlayingCardDeck.swift */,
			);
			sourceTree = "<group>";
		};
/* End PBXGroup section */

/* Begin PBXProject section */
		5DF752931C0DEF9F00D104BA /* Project object */ = {
			isa = PBXProject;
			attributes = {
				LastUpgradeCheck = 0630;
			};
			buildConfigurationList = 5DF752961C0DEF9F00D104BA /* Build configuration list for PBXProject "FirstSwift" */;
			compatibilityVersion = "Xcode 3.2";
			developmentRegion = English;
			hasScannedForEncodings = 0;
			knownRegions = (
				en,
			);
			mainGroup = 5DF752921C0DEF9F00D104BA;
			projectDirPath = "";
			projectRoot = "";
			targets = (
			);
		};
/* End PBXProject section */

/* Begin XCBuildConfiguration section */
		5DF752971C0DEF9F00D104BA /* Debug */ = {
			isa = XCBuildConfiguration;
			buildSettings = {
			};
			name = Debug;
		};
		5DF752981C0DEF9F00D104BA /* Release */ = {
			isa = XCBuildConfiguration;
			buildSettings = {
			};
			name = Release;
		};
/* End XCBuildConfiguration section */

/* Begin XCConfigurationList section */
		5DF752961C0DEF9F00D104BA /* Build configuration list for PBXProject "FirstSwift" */ = {
			isa = XCConfigurationList;
			buildConfigurations = (
				5DF752971C0DEF9F00D104BA /* Debug */,
				5DF752981C0DEF9F00D104BA /* Release */,
			);
			defaultConfigurationIsVisible = 0;
			defaultConfigurationName = Release;
		};
/* End XCConfigurationList section */
	};
	rootObject = 5DF752931C0DEF9F00D104BA /* Project object */;
}
